
Microsoft Visual Studio Solution File, Format Version 12.00
# Visual Studio Version 17
VisualStudioVersion = 17.7.34221.43
MinimumVisualStudioVersion = 10.0.40219.1
Project("{FAE04EC0-301F-11D3-BF4B-00C04F79EFBC}") = "Dynamodb_CRUD", "Dynamodb_CRUD\Dynamodb_CRUD.csproj", "{5E59F898-2CA7-44EB-BD07-93A4C14A39A8}"
EndProject
Global
	GlobalSection(SolutionConfigurationPlatforms) = preSolution
		Debug|Any CPU = Debug|Any CPU
		Release|Any CPU = Release|Any CPU
	EndGlobalSection
	GlobalSection(ProjectConfigurationPlatforms) = postSolution
		{5E59F898-2CA7-44EB-BD07-93A4C14A39A8}.Debug|Any CPU.ActiveCfg = Debug|Any CPU
		{5E59F898-2CA7-44EB-BD07-93A4C14A39A8}.Debug|Any CPU.Build.0 = Debug|Any CPU
		{5E59F898-2CA7-44EB-BD07-93A4C14A39A8}.Release|Any CPU.ActiveCfg = Release|Any CPU
		{5E59F898-2CA7-44EB-BD07-93A4C14A39A8}.Release|Any CPU.Build.0 = Release|Any CPU
	EndGlobalSection
	GlobalSection(SolutionProperties) = preSolution
		HideSolutionNode = FALSE
	EndGlobalSection
	GlobalSection(ExtensibilityGlobals) = postSolution
		SolutionGuid = {F3C50B8A-7EB9-460C-BCE4-E36B60EEEFB9}
	EndGlobalSection
EndGlobal
