
Microsoft Visual Studio Solution File, Format Version 12.00
# Visual Studio Version 17
VisualStudioVersion = 17.7.34221.43
MinimumVisualStudioVersion = 10.0.40219.1
Project("{FAE04EC0-301F-11D3-BF4B-00C04F79EFBC}") = "PushDatatoSQS1", "PushDatatoSQS1\PushDatatoSQS1.csproj", "{942FF61F-EBC4-4312-80AE-A045389511AA}"
EndProject
Global
	GlobalSection(SolutionConfigurationPlatforms) = preSolution
		Debug|Any CPU = Debug|Any CPU
		Release|Any CPU = Release|Any CPU
	EndGlobalSection
	GlobalSection(ProjectConfigurationPlatforms) = postSolution
		{942FF61F-EBC4-4312-80AE-A045389511AA}.Debug|Any CPU.ActiveCfg = Debug|Any CPU
		{942FF61F-EBC4-4312-80AE-A045389511AA}.Debug|Any CPU.Build.0 = Debug|Any CPU
		{942FF61F-EBC4-4312-80AE-A045389511AA}.Release|Any CPU.ActiveCfg = Release|Any CPU
		{942FF61F-EBC4-4312-80AE-A045389511AA}.Release|Any CPU.Build.0 = Release|Any CPU
	EndGlobalSection
	GlobalSection(SolutionProperties) = preSolution
		HideSolutionNode = FALSE
	EndGlobalSection
	GlobalSection(ExtensibilityGlobals) = postSolution
		SolutionGuid = {54B102E9-DD30-46B3-8AB9-D7BED7221557}
	EndGlobalSection
EndGlobal
