
Microsoft Visual Studio Solution File, Format Version 12.00
# Visual Studio Version 17
VisualStudioVersion = 17.7.34221.43
MinimumVisualStudioVersion = 10.0.40219.1
Project("{FAE04EC0-301F-11D3-BF4B-00C04F79EFBC}") = "List_S3Buckets", "List_S3Buckets\List_S3Buckets.csproj", "{4D059DFC-9BF9-440C-AEC4-6055A8AE7551}"
EndProject
Global
	GlobalSection(SolutionConfigurationPlatforms) = preSolution
		Debug|Any CPU = Debug|Any CPU
		Release|Any CPU = Release|Any CPU
	EndGlobalSection
	GlobalSection(ProjectConfigurationPlatforms) = postSolution
		{4D059DFC-9BF9-440C-AEC4-6055A8AE7551}.Debug|Any CPU.ActiveCfg = Debug|Any CPU
		{4D059DFC-9BF9-440C-AEC4-6055A8AE7551}.Debug|Any CPU.Build.0 = Debug|Any CPU
		{4D059DFC-9BF9-440C-AEC4-6055A8AE7551}.Release|Any CPU.ActiveCfg = Release|Any CPU
		{4D059DFC-9BF9-440C-AEC4-6055A8AE7551}.Release|Any CPU.Build.0 = Release|Any CPU
	EndGlobalSection
	GlobalSection(SolutionProperties) = preSolution
		HideSolutionNode = FALSE
	EndGlobalSection
	GlobalSection(ExtensibilityGlobals) = postSolution
		SolutionGuid = {B894A4DD-795F-450B-9E56-62049F1CAE21}
	EndGlobalSection
EndGlobal
