
Microsoft Visual Studio Solution File, Format Version 12.00
# Visual Studio Version 17
VisualStudioVersion = 17.0.31912.275
MinimumVisualStudioVersion = 10.0.40219.1
Project("{FAE04EC0-301F-11D3-BF4B-00C04F79EFBC}") = "sqlapp", "sqlapp\sqlapp.csproj", "{17CB32A0-85B9-46C6-BEE1-84569337FC65}"
EndProject
Global
	GlobalSection(SolutionConfigurationPlatforms) = preSolution
		Debug|Any CPU = Debug|Any CPU
		Release|Any CPU = Release|Any CPU
	EndGlobalSection
	GlobalSection(ProjectConfigurationPlatforms) = postSolution
		{17CB32A0-85B9-46C6-BEE1-84569337FC65}.Debug|Any CPU.ActiveCfg = Debug|Any CPU
		{17CB32A0-85B9-46C6-BEE1-84569337FC65}.Debug|Any CPU.Build.0 = Debug|Any CPU
		{17CB32A0-85B9-46C6-BEE1-84569337FC65}.Release|Any CPU.ActiveCfg = Release|Any CPU
		{17CB32A0-85B9-46C6-BEE1-84569337FC65}.Release|Any CPU.Build.0 = Release|Any CPU
	EndGlobalSection
	GlobalSection(SolutionProperties) = preSolution
		HideSolutionNode = FALSE
	EndGlobalSection
	GlobalSection(ExtensibilityGlobals) = postSolution
		SolutionGuid = {B045E394-C138-4A76-9FC0-C595BE1080FC}
	EndGlobalSection
EndGlobal
